<?xml version="1.0" encoding="utf-8"?>
<Project ToolsVersion="4.0" xmlns="http://schemas.microsoft.com/developer/msbuild/2003">
  <ItemGroup>
    <Filter Include="Header Files">
      <UniqueIdentifier>{93995380-89BD-4b04-88EB-625FBE52EBFB}</UniqueIdentifier>
      <Extensions>h;hh;hpp;hxx;hm;inl;inc;ipp;xsd</Extensions>
    </Filter>
    <Filter Include="Header Files\internal">
      <UniqueIdentifier>{d72489a2-48bc-4f37-b6f2-8dd04f77aa29}</UniqueIdentifier>
    </Filter>
  </ItemGroup>
  <ItemGroup>
    <ClInclude Include="..\..\include\kdenticon\kdenticon.hpp">
      <Filter>Header Files</Filter>
    </ClInclude>
    <ClInclude Include="..\..\include\kdenticon\internal\scalar_trait.hpp">
      <Filter>Header Files\internal</Filter>
    </ClInclude>
    <ClInclude Include="..\..\include\kdenticon\internal\shape.hpp">
      <Filter>Header Files\internal</Filter>
    </ClInclude>
    <ClInclude Include="..\..\include\kdenticon\internal\archive.hpp">
      <Filter>Header Files\internal</Filter>
    </ClInclude>
    <ClInclude Include="..\..\include\kdenticon\internal\matrix.hpp">
      <Filter>Header Files\internal</Filter>
    </ClInclude>
    <ClInclude Include="..\..\include\kdenticon\internal\matrix_trait.hpp">
      <Filter>Header Files\internal</Filter>
    </ClInclude>
    <ClInclude Include="..\..\include\kdenticon\internal\pattern.hpp">
      <Filter>Header Files\internal</Filter>
    </ClInclude>
    <ClInclude Include="..\..\include\kdenticon\internal\graphic.hpp">
      <Filter>Header Files\internal</Filter>
    </ClInclude>
    <ClInclude Include="..\..\include\kdenticon\internal\scalar.hpp">
      <Filter>Header Files\internal</Filter>
    </ClInclude>
    <ClInclude Include="..\..\include\kdenticon\internal\geometry.hpp">
      <Filter>Header Files\internal</Filter>
    </ClInclude>
    <ClInclude Include="..\..\include\kdenticon\internal\cast.hpp">
      <Filter>Header Files\internal</Filter>
    </ClInclude>
  </ItemGroup>
</Project>